
Microsoft Visual Studio Solution File, Format Version 12.00
# Visual Studio Version 17
VisualStudioVersion = 17.11.35222.181
MinimumVisualStudioVersion = 10.0.40219.1
Project("{FAE04EC0-301F-11D3-BF4B-00C04F79EFBC}") = "CargoPerDay", "CargoPerDay.csproj", "{4D3E7E86-F55F-443C-9503-D9C09AC40143}"
EndProject
Global
	GlobalSection(SolutionConfigurationPlatforms) = preSolution
		Debug|Any CPU = Debug|Any CPU
		Release|Any CPU = Release|Any CPU
	EndGlobalSection
	GlobalSection(ProjectConfigurationPlatforms) = postSolution
		{4D3E7E86-F55F-443C-9503-D9C09AC40143}.Debug|Any CPU.ActiveCfg = Debug|Any CPU
		{4D3E7E86-F55F-443C-9503-D9C09AC40143}.Debug|Any CPU.Build.0 = Debug|Any CPU
		{4D3E7E86-F55F-443C-9503-D9C09AC40143}.Release|Any CPU.ActiveCfg = Release|Any CPU
		{4D3E7E86-F55F-443C-9503-D9C09AC40143}.Release|Any CPU.Build.0 = Release|Any CPU
	EndGlobalSection
	GlobalSection(SolutionProperties) = preSolution
		HideSolutionNode = FALSE
	EndGlobalSection
	GlobalSection(ExtensibilityGlobals) = postSolution
		SolutionGuid = {F077B5B2-5E59-4851-9B20-8FDD7472FC0D}
	EndGlobalSection
EndGlobal
